// !$*UTF8*$!
{
	archiveVersion = 1;
	classes = {
	};
	objectVersion = 51;
	objects = {

/* Begin PBXBuildFile section */
		E74C897A1C48EE6776BB1D03 /* Pods_MTG_CardOfTheDay.framework in Frameworks */ = {isa = PBXBuildFile; fileRef = 59D171F7111D128E10FD275D /* Pods_MTG_CardOfTheDay.framework */; };
		F3CD51A022DB1BF60097B4BB /* AppDelegate.swift in Sources */ = {isa = PBXBuildFile; fileRef = F3CD519F22DB1BF60097B4BB /* AppDelegate.swift */; };
		F3CD51A222DB1BF60097B4BB /* ViewController.swift in Sources */ = {isa = PBXBuildFile; fileRef = F3CD51A122DB1BF60097B4BB /* ViewController.swift */; };
		F3CD51A722DB1BF80097B4BB /* Assets.xcassets in Resources */ = {isa = PBXBuildFile; fileRef = F3CD51A622DB1BF80097B4BB /* Assets.xcassets */; };
		F3CD51AA22DB1BF80097B4BB /* LaunchScreen.storyboard in Resources */ = {isa = PBXBuildFile; fileRef = F3CD51A822DB1BF80097B4BB /* LaunchScreen.storyboard */; };
		F3D25D1A22DB215C00409A43 /* ShowCardViewController.swift in Sources */ = {isa = PBXBuildFile; fileRef = F3D25D1822DB215C00409A43 /* ShowCardViewController.swift */; };
		F3D25D1B22DB215C00409A43 /* ShowCardViewController.xib in Resources */ = {isa = PBXBuildFile; fileRef = F3D25D1922DB215C00409A43 /* ShowCardViewController.xib */; };
		F3D25D1D22DB2C7200409A43 /* ShowCardViewModel.swift in Sources */ = {isa = PBXBuildFile; fileRef = F3D25D1C22DB2C7200409A43 /* ShowCardViewModel.swift */; };
		F3D25D2222DB2DFD00409A43 /* MTGAPI.swift in Sources */ = {isa = PBXBuildFile; fileRef = F3D25D2122DB2DFD00409A43 /* MTGAPI.swift */; };
		F3D25D2522DB3BF400409A43 /* Card.swift in Sources */ = {isa = PBXBuildFile; fileRef = F3D25D2422DB3BF400409A43 /* Card.swift */; };
		F3D25D2722DB3F5C00409A43 /* CardSearchParam.swift in Sources */ = {isa = PBXBuildFile; fileRef = F3D25D2622DB3F5C00409A43 /* CardSearchParam.swift */; };
		F3D25D2A22DB622D00409A43 /* ObservableExtension.swift in Sources */ = {isa = PBXBuildFile; fileRef = F3D25D2922DB622D00409A43 /* ObservableExtension.swift */; };
/* End PBXBuildFile section */

/* Begin PBXFileReference section */
		59D171F7111D128E10FD275D /* Pods_MTG_CardOfTheDay.framework */ = {isa = PBXFileReference; explicitFileType = wrapper.framework; includeInIndex = 0; path = Pods_MTG_CardOfTheDay.framework; sourceTree = BUILT_PRODUCTS_DIR; };
		CF1D7935AD9F3F9BBA4A2BEE /* Pods-MTG-CardOfTheDay.release.xcconfig */ = {isa = PBXFileReference; includeInIndex = 1; lastKnownFileType = text.xcconfig; name = "Pods-MTG-CardOfTheDay.release.xcconfig"; path = "Target Support Files/Pods-MTG-CardOfTheDay/Pods-MTG-CardOfTheDay.release.xcconfig"; sourceTree = "<group>"; };
		E147CA410C5AD61EF3C2A14C /* Pods-MTG-CardOfTheDay.debug.xcconfig */ = {isa = PBXFileReference; includeInIndex = 1; lastKnownFileType = text.xcconfig; name = "Pods-MTG-CardOfTheDay.debug.xcconfig"; path = "Target Support Files/Pods-MTG-CardOfTheDay/Pods-MTG-CardOfTheDay.debug.xcconfig"; sourceTree = "<group>"; };
		F3CD519C22DB1BF60097B4BB /* MTG-CardOfTheDay.app */ = {isa = PBXFileReference; explicitFileType = wrapper.application; includeInIndex = 0; path = "MTG-CardOfTheDay.app"; sourceTree = BUILT_PRODUCTS_DIR; };
		F3CD519F22DB1BF60097B4BB /* AppDelegate.swift */ = {isa = PBXFileReference; lastKnownFileType = sourcecode.swift; path = AppDelegate.swift; sourceTree = "<group>"; };
		F3CD51A122DB1BF60097B4BB /* ViewController.swift */ = {isa = PBXFileReference; lastKnownFileType = sourcecode.swift; path = ViewController.swift; sourceTree = "<group>"; };
		F3CD51A622DB1BF80097B4BB /* Assets.xcassets */ = {isa = PBXFileReference; lastKnownFileType = folder.assetcatalog; path = Assets.xcassets; sourceTree = "<group>"; };
		F3CD51A922DB1BF80097B4BB /* Base */ = {isa = PBXFileReference; lastKnownFileType = file.storyboard; name = Base; path = Base.lproj/LaunchScreen.storyboard; sourceTree = "<group>"; };
		F3CD51AB22DB1BF80097B4BB /* Info.plist */ = {isa = PBXFileReference; lastKnownFileType = text.plist.xml; path = Info.plist; sourceTree = "<group>"; };
		F3D25D1822DB215C00409A43 /* ShowCardViewController.swift */ = {isa = PBXFileReference; lastKnownFileType = sourcecode.swift; path = ShowCardViewController.swift; sourceTree = "<group>"; };
		F3D25D1922DB215C00409A43 /* ShowCardViewController.xib */ = {isa = PBXFileReference; lastKnownFileType = file.xib; path = ShowCardViewController.xib; sourceTree = "<group>"; };
		F3D25D1C22DB2C7200409A43 /* ShowCardViewModel.swift */ = {isa = PBXFileReference; lastKnownFileType = sourcecode.swift; path = ShowCardViewModel.swift; sourceTree = "<group>"; };
		F3D25D2122DB2DFD00409A43 /* MTGAPI.swift */ = {isa = PBXFileReference; lastKnownFileType = sourcecode.swift; path = MTGAPI.swift; sourceTree = "<group>"; };
		F3D25D2422DB3BF400409A43 /* Card.swift */ = {isa = PBXFileReference; lastKnownFileType = sourcecode.swift; path = Card.swift; sourceTree = "<group>"; };
		F3D25D2622DB3F5C00409A43 /* CardSearchParam.swift */ = {isa = PBXFileReference; lastKnownFileType = sourcecode.swift; path = CardSearchParam.swift; sourceTree = "<group>"; };
		F3D25D2922DB622D00409A43 /* ObservableExtension.swift */ = {isa = PBXFileReference; lastKnownFileType = sourcecode.swift; path = ObservableExtension.swift; sourceTree = "<group>"; };
/* End PBXFileReference section */

/* Begin PBXFrameworksBuildPhase section */
		F3CD519922DB1BF60097B4BB /* Frameworks */ = {
			isa = PBXFrameworksBuildPhase;
			buildActionMask = 2147483647;
			files = (
				E74C897A1C48EE6776BB1D03 /* Pods_MTG_CardOfTheDay.framework in Frameworks */,
			);
			runOnlyForDeploymentPostprocessing = 0;
		};
/* End PBXFrameworksBuildPhase section */

/* Begin PBXGroup section */
		65F8DCFB8072385C6C40B3CA /* Frameworks */ = {
			isa = PBXGroup;
			children = (
				59D171F7111D128E10FD275D /* Pods_MTG_CardOfTheDay.framework */,
			);
			name = Frameworks;
			sourceTree = "<group>";
		};
		DA38F8CFCFBDEFD1A302561C /* Pods */ = {
			isa = PBXGroup;
			children = (
				E147CA410C5AD61EF3C2A14C /* Pods-MTG-CardOfTheDay.debug.xcconfig */,
				CF1D7935AD9F3F9BBA4A2BEE /* Pods-MTG-CardOfTheDay.release.xcconfig */,
			);
			path = Pods;
			sourceTree = "<group>";
		};
		F3CD519322DB1BF60097B4BB = {
			isa = PBXGroup;
			children = (
				F3CD519E22DB1BF60097B4BB /* MTG-CardOfTheDay */,
				F3CD519D22DB1BF60097B4BB /* Products */,
				DA38F8CFCFBDEFD1A302561C /* Pods */,
				65F8DCFB8072385C6C40B3CA /* Frameworks */,
			);
			sourceTree = "<group>";
		};
		F3CD519D22DB1BF60097B4BB /* Products */ = {
			isa = PBXGroup;
			children = (
				F3CD519C22DB1BF60097B4BB /* MTG-CardOfTheDay.app */,
			);
			name = Products;
			sourceTree = "<group>";
		};
		F3CD519E22DB1BF60097B4BB /* MTG-CardOfTheDay */ = {
			isa = PBXGroup;
			children = (
				F3D25D2822DB621700409A43 /* GeneralUtil */,
				F3D25D2322DB3BDB00409A43 /* Models */,
				F3D25D1E22DB2DD500409A43 /* API */,
				F3D25D1722DB214000409A43 /* view */,
				F3CD519F22DB1BF60097B4BB /* AppDelegate.swift */,
				F3CD51A122DB1BF60097B4BB /* ViewController.swift */,
				F3CD51A622DB1BF80097B4BB /* Assets.xcassets */,
				F3CD51A822DB1BF80097B4BB /* LaunchScreen.storyboard */,
				F3CD51AB22DB1BF80097B4BB /* Info.plist */,
			);
			path = "MTG-CardOfTheDay";
			sourceTree = "<group>";
		};
		F3D25D1722DB214000409A43 /* view */ = {
			isa = PBXGroup;
			children = (
				F3D25D1822DB215C00409A43 /* ShowCardViewController.swift */,
				F3D25D1922DB215C00409A43 /* ShowCardViewController.xib */,
				F3D25D1C22DB2C7200409A43 /* ShowCardViewModel.swift */,
			);
			path = view;
			sourceTree = "<group>";
		};
		F3D25D1E22DB2DD500409A43 /* API */ = {
			isa = PBXGroup;
			children = (
				F3D25D2122DB2DFD00409A43 /* MTGAPI.swift */,
				F3D25D2622DB3F5C00409A43 /* CardSearchParam.swift */,
			);
			path = API;
			sourceTree = "<group>";
		};
		F3D25D2322DB3BDB00409A43 /* Models */ = {
			isa = PBXGroup;
			children = (
				F3D25D2422DB3BF400409A43 /* Card.swift */,
			);
			path = Models;
			sourceTree = "<group>";
		};
		F3D25D2822DB621700409A43 /* GeneralUtil */ = {
			isa = PBXGroup;
			children = (
				F3D25D2922DB622D00409A43 /* ObservableExtension.swift */,
			);
			path = GeneralUtil;
			sourceTree = "<group>";
		};
/* End PBXGroup section */

/* Begin PBXNativeTarget section */
		F3CD519B22DB1BF60097B4BB /* MTG-CardOfTheDay */ = {
			isa = PBXNativeTarget;
			buildConfigurationList = F3CD51AE22DB1BF80097B4BB /* Build configuration list for PBXNativeTarget "MTG-CardOfTheDay" */;
			buildPhases = (
				C4447278C0226C2A085629B4 /* [CP] Check Pods Manifest.lock */,
				F3CD519822DB1BF60097B4BB /* Sources */,
				F3CD519922DB1BF60097B4BB /* Frameworks */,
				F3CD519A22DB1BF60097B4BB /* Resources */,
				10E94F2BC64DB2BC6FA01C65 /* [CP] Embed Pods Frameworks */,
			);
			buildRules = (
			);
			dependencies = (
			);
			name = "MTG-CardOfTheDay";
			productName = "MTG-CardOfTheDay";
			productReference = F3CD519C22DB1BF60097B4BB /* MTG-CardOfTheDay.app */;
			productType = "com.apple.product-type.application";
		};
/* End PBXNativeTarget section */

/* Begin PBXProject section */
		F3CD519422DB1BF60097B4BB /* Project object */ = {
			isa = PBXProject;
			attributes = {
				LastSwiftUpdateCheck = 1020;
				LastUpgradeCheck = 1020;
				ORGANIZATIONNAME = "醍醐崇紘";
				TargetAttributes = {
					F3CD519B22DB1BF60097B4BB = {
						CreatedOnToolsVersion = 10.2.1;
					};
				};
			};
			buildConfigurationList = F3CD519722DB1BF60097B4BB /* Build configuration list for PBXProject "MTG-CardOfTheDay" */;
			compatibilityVersion = "Xcode 9.3";
			developmentRegion = en;
			hasScannedForEncodings = 0;
			knownRegions = (
				en,
				Base,
			);
			mainGroup = F3CD519322DB1BF60097B4BB;
			productRefGroup = F3CD519D22DB1BF60097B4BB /* Products */;
			projectDirPath = "";
			projectRoot = "";
			targets = (
				F3CD519B22DB1BF60097B4BB /* MTG-CardOfTheDay */,
			);
		};
/* End PBXProject section */

/* Begin PBXResourcesBuildPhase section */
		F3CD519A22DB1BF60097B4BB /* Resources */ = {
			isa = PBXResourcesBuildPhase;
			buildActionMask = 2147483647;
			files = (
				F3CD51AA22DB1BF80097B4BB /* LaunchScreen.storyboard in Resources */,
				F3CD51A722DB1BF80097B4BB /* Assets.xcassets in Resources */,
				F3D25D1B22DB215C00409A43 /* ShowCardViewController.xib in Resources */,
			);
			runOnlyForDeploymentPostprocessing = 0;
		};
/* End PBXResourcesBuildPhase section */

/* Begin PBXShellScriptBuildPhase section */
		10E94F2BC64DB2BC6FA01C65 /* [CP] Embed Pods Frameworks */ = {
			isa = PBXShellScriptBuildPhase;
			buildActionMask = 2147483647;
			files = (
			);
			inputFileListPaths = (
				"${PODS_ROOT}/Target Support Files/Pods-MTG-CardOfTheDay/Pods-MTG-CardOfTheDay-frameworks-${CONFIGURATION}-input-files.xcfilelist",
			);
			name = "[CP] Embed Pods Frameworks";
			outputFileListPaths = (
				"${PODS_ROOT}/Target Support Files/Pods-MTG-CardOfTheDay/Pods-MTG-CardOfTheDay-frameworks-${CONFIGURATION}-output-files.xcfilelist",
			);
			runOnlyForDeploymentPostprocessing = 0;
			shellPath = /bin/sh;
			shellScript = "\"${PODS_ROOT}/Target Support Files/Pods-MTG-CardOfTheDay/Pods-MTG-CardOfTheDay-frameworks.sh\"\n";
			showEnvVarsInLog = 0;
		};
		C4447278C0226C2A085629B4 /* [CP] Check Pods Manifest.lock */ = {
			isa = PBXShellScriptBuildPhase;
			buildActionMask = 2147483647;
			files = (
			);
			inputFileListPaths = (
			);
			inputPaths = (
				"${PODS_PODFILE_DIR_PATH}/Podfile.lock",
				"${PODS_ROOT}/Manifest.lock",
			);
			name = "[CP] Check Pods Manifest.lock";
			outputFileListPaths = (
			);
			outputPaths = (
				"$(DERIVED_FILE_DIR)/Pods-MTG-CardOfTheDay-checkManifestLockResult.txt",
			);
			runOnlyForDeploymentPostprocessing = 0;
			shellPath = /bin/sh;
			shellScript = "diff \"${PODS_PODFILE_DIR_PATH}/Podfile.lock\" \"${PODS_ROOT}/Manifest.lock\" > /dev/null\nif [ $? != 0 ] ; then\n    # print error to STDERR\n    echo \"error: The sandbox is not in sync with the Podfile.lock. Run 'pod install' or update your CocoaPods installation.\" >&2\n    exit 1\nfi\n# This output is used by Xcode 'outputs' to avoid re-running this script phase.\necho \"SUCCESS\" > \"${SCRIPT_OUTPUT_FILE_0}\"\n";
			showEnvVarsInLog = 0;
		};
/* End PBXShellScriptBuildPhase section */

/* Begin PBXSourcesBuildPhase section */
		F3CD519822DB1BF60097B4BB /* Sources */ = {
			isa = PBXSourcesBuildPhase;
			buildActionMask = 2147483647;
			files = (
				F3CD51A222DB1BF60097B4BB /* ViewController.swift in Sources */,
				F3D25D2A22DB622D00409A43 /* ObservableExtension.swift in Sources */,
				F3D25D2522DB3BF400409A43 /* Card.swift in Sources */,
				F3D25D1D22DB2C7200409A43 /* ShowCardViewModel.swift in Sources */,
				F3CD51A022DB1BF60097B4BB /* AppDelegate.swift in Sources */,
				F3D25D2222DB2DFD00409A43 /* MTGAPI.swift in Sources */,
				F3D25D1A22DB215C00409A43 /* ShowCardViewController.swift in Sources */,
				F3D25D2722DB3F5C00409A43 /* CardSearchParam.swift in Sources */,
			);
			runOnlyForDeploymentPostprocessing = 0;
		};
/* End PBXSourcesBuildPhase section */

/* Begin PBXVariantGroup section */
		F3CD51A822DB1BF80097B4BB /* LaunchScreen.storyboard */ = {
			isa = PBXVariantGroup;
			children = (
				F3CD51A922DB1BF80097B4BB /* Base */,
			);
			name = LaunchScreen.storyboard;
			sourceTree = "<group>";
		};
/* End PBXVariantGroup section */

/* Begin XCBuildConfiguration section */
		F3CD51AC22DB1BF80097B4BB /* Debug */ = {
			isa = XCBuildConfiguration;
			buildSettings = {
				ALWAYS_SEARCH_USER_PATHS = NO;
				CLANG_ANALYZER_NONNULL = YES;
				CLANG_ANALYZER_NUMBER_OBJECT_CONVERSION = YES_AGGRESSIVE;
				CLANG_CXX_LANGUAGE_STANDARD = "gnu++14";
				CLANG_CXX_LIBRARY = "libc++";
				CLANG_ENABLE_MODULES = YES;
				CLANG_ENABLE_OBJC_ARC = YES;
				CLANG_ENABLE_OBJC_WEAK = YES;
				CLANG_WARN_BLOCK_CAPTURE_AUTORELEASING = YES;
				CLANG_WARN_BOOL_CONVERSION = YES;
				CLANG_WARN_COMMA = YES;
				CLANG_WARN_CONSTANT_CONVERSION = YES;
				CLANG_WARN_DEPRECATED_OBJC_IMPLEMENTATIONS = YES;
				CLANG_WARN_DIRECT_OBJC_ISA_USAGE = YES_ERROR;
				CLANG_WARN_DOCUMENTATION_COMMENTS = YES;
				CLANG_WARN_EMPTY_BODY = YES;
				CLANG_WARN_ENUM_CONVERSION = YES;
				CLANG_WARN_INFINITE_RECURSION = YES;
				CLANG_WARN_INT_CONVERSION = YES;
				CLANG_WARN_NON_LITERAL_NULL_CONVERSION = YES;
				CLANG_WARN_OBJC_IMPLICIT_RETAIN_SELF = YES;
				CLANG_WARN_OBJC_LITERAL_CONVERSION = YES;
				CLANG_WARN_OBJC_ROOT_CLASS = YES_ERROR;
				CLANG_WARN_RANGE_LOOP_ANALYSIS = YES;
				CLANG_WARN_STRICT_PROTOTYPES = YES;
				CLANG_WARN_SUSPICIOUS_MOVE = YES;
				CLANG_WARN_UNGUARDED_AVAILABILITY = YES_AGGRESSIVE;
				CLANG_WARN_UNREACHABLE_CODE = YES;
				CLANG_WARN__DUPLICATE_METHOD_MATCH = YES;
				CODE_SIGN_IDENTITY = "iPhone Developer";
				COPY_PHASE_STRIP = NO;
				DEBUG_INFORMATION_FORMAT = dwarf;
				ENABLE_STRICT_OBJC_MSGSEND = YES;
				ENABLE_TESTABILITY = YES;
				GCC_C_LANGUAGE_STANDARD = gnu11;
				GCC_DYNAMIC_NO_PIC = NO;
				GCC_NO_COMMON_BLOCKS = YES;
				GCC_OPTIMIZATION_LEVEL = 0;
				GCC_PREPROCESSOR_DEFINITIONS = (
					"DEBUG=1",
					"$(inherited)",
				);
				GCC_WARN_64_TO_32_BIT_CONVERSION = YES;
				GCC_WARN_ABOUT_RETURN_TYPE = YES_ERROR;
				GCC_WARN_UNDECLARED_SELECTOR = YES;
				GCC_WARN_UNINITIALIZED_AUTOS = YES_AGGRESSIVE;
				GCC_WARN_UNUSED_FUNCTION = YES;
				GCC_WARN_UNUSED_VARIABLE = YES;
				IPHONEOS_DEPLOYMENT_TARGET = 12.2;
				MTL_ENABLE_DEBUG_INFO = INCLUDE_SOURCE;
				MTL_FAST_MATH = YES;
				ONLY_ACTIVE_ARCH = YES;
				SDKROOT = iphoneos;
				SWIFT_ACTIVE_COMPILATION_CONDITIONS = DEBUG;
				SWIFT_OPTIMIZATION_LEVEL = "-Onone";
			};
			name = Debug;
		};
		F3CD51AD22DB1BF80097B4BB /* Release */ = {
			isa = XCBuildConfiguration;
			buildSettings = {
				ALWAYS_SEARCH_USER_PATHS = NO;
				CLANG_ANALYZER_NONNULL = YES;
				CLANG_ANALYZER_NUMBER_OBJECT_CONVERSION = YES_AGGRESSIVE;
				CLANG_CXX_LANGUAGE_STANDARD = "gnu++14";
				CLANG_CXX_LIBRARY = "libc++";
				CLANG_ENABLE_MODULES = YES;
				CLANG_ENABLE_OBJC_ARC = YES;
				CLANG_ENABLE_OBJC_WEAK = YES;
				CLANG_WARN_BLOCK_CAPTURE_AUTORELEASING = YES;
				CLANG_WARN_BOOL_CONVERSION = YES;
				CLANG_WARN_COMMA = YES;
				CLANG_WARN_CONSTANT_CONVERSION = YES;
				CLANG_WARN_DEPRECATED_OBJC_IMPLEMENTATIONS = YES;
				CLANG_WARN_DIRECT_OBJC_ISA_USAGE = YES_ERROR;
				CLANG_WARN_DOCUMENTATION_COMMENTS = YES;
				CLANG_WARN_EMPTY_BODY = YES;
				CLANG_WARN_ENUM_CONVERSION = YES;
				CLANG_WARN_INFINITE_RECURSION = YES;
				CLANG_WARN_INT_CONVERSION = YES;
				CLANG_WARN_NON_LITERAL_NULL_CONVERSION = YES;
				CLANG_WARN_OBJC_IMPLICIT_RETAIN_SELF = YES;
				CLANG_WARN_OBJC_LITERAL_CONVERSION = YES;
				CLANG_WARN_OBJC_ROOT_CLASS = YES_ERROR;
				CLANG_WARN_RANGE_LOOP_ANALYSIS = YES;
				CLANG_WARN_STRICT_PROTOTYPES = YES;
				CLANG_WARN_SUSPICIOUS_MOVE = YES;
				CLANG_WARN_UNGUARDED_AVAILABILITY = YES_AGGRESSIVE;
				CLANG_WARN_UNREACHABLE_CODE = YES;
				CLANG_WARN__DUPLICATE_METHOD_MATCH = YES;
				CODE_SIGN_IDENTITY = "iPhone Developer";
				COPY_PHASE_STRIP = NO;
				DEBUG_INFORMATION_FORMAT = "dwarf-with-dsym";
				ENABLE_NS_ASSERTIONS = NO;
				ENABLE_STRICT_OBJC_MSGSEND = YES;
				GCC_C_LANGUAGE_STANDARD = gnu11;
				GCC_NO_COMMON_BLOCKS = YES;
				GCC_WARN_64_TO_32_BIT_CONVERSION = YES;
				GCC_WARN_ABOUT_RETURN_TYPE = YES_ERROR;
				GCC_WARN_UNDECLARED_SELECTOR = YES;
				GCC_WARN_UNINITIALIZED_AUTOS = YES_AGGRESSIVE;
				GCC_WARN_UNUSED_FUNCTION = YES;
				GCC_WARN_UNUSED_VARIABLE = YES;
				IPHONEOS_DEPLOYMENT_TARGET = 12.2;
				MTL_ENABLE_DEBUG_INFO = NO;
				MTL_FAST_MATH = YES;
				SDKROOT = iphoneos;
				SWIFT_COMPILATION_MODE = wholemodule;
				SWIFT_OPTIMIZATION_LEVEL = "-O";
				VALIDATE_PRODUCT = YES;
			};
			name = Release;
		};
		F3CD51AF22DB1BF80097B4BB /* Debug */ = {
			isa = XCBuildConfiguration;
			baseConfigurationReference = E147CA410C5AD61EF3C2A14C /* Pods-MTG-CardOfTheDay.debug.xcconfig */;
			buildSettings = {
				ASSETCATALOG_COMPILER_APPICON_NAME = AppIcon;
				CODE_SIGN_STYLE = Automatic;
				DEVELOPMENT_TEAM = XW2ZLW523B;
				INFOPLIST_FILE = "MTG-CardOfTheDay/Info.plist";
				LD_RUNPATH_SEARCH_PATHS = (
					"$(inherited)",
					"@executable_path/Frameworks",
				);
				PRODUCT_BUNDLE_IDENTIFIER = "com.t-daigo.MTG-CardOfTheDay";
				PRODUCT_NAME = "$(TARGET_NAME)";
				SWIFT_VERSION = 5.0;
				TARGETED_DEVICE_FAMILY = "1,2";
			};
			name = Debug;
		};
		F3CD51B022DB1BF80097B4BB /* Release */ = {
			isa = XCBuildConfiguration;
			baseConfigurationReference = CF1D7935AD9F3F9BBA4A2BEE /* Pods-MTG-CardOfTheDay.release.xcconfig */;
			buildSettings = {
				ASSETCATALOG_COMPILER_APPICON_NAME = AppIcon;
				CODE_SIGN_STYLE = Automatic;
				DEVELOPMENT_TEAM = XW2ZLW523B;
				INFOPLIST_FILE = "MTG-CardOfTheDay/Info.plist";
				LD_RUNPATH_SEARCH_PATHS = (
					"$(inherited)",
					"@executable_path/Frameworks",
				);
				PRODUCT_BUNDLE_IDENTIFIER = "com.t-daigo.MTG-CardOfTheDay";
				PRODUCT_NAME = "$(TARGET_NAME)";
				SWIFT_VERSION = 5.0;
				TARGETED_DEVICE_FAMILY = "1,2";
			};
			name = Release;
		};
/* End XCBuildConfiguration section */

/* Begin XCConfigurationList section */
		F3CD519722DB1BF60097B4BB /* Build configuration list for PBXProject "MTG-CardOfTheDay" */ = {
			isa = XCConfigurationList;
			buildConfigurations = (
				F3CD51AC22DB1BF80097B4BB /* Debug */,
				F3CD51AD22DB1BF80097B4BB /* Release */,
			);
			defaultConfigurationIsVisible = 0;
			defaultConfigurationName = Release;
		};
		F3CD51AE22DB1BF80097B4BB /* Build configuration list for PBXNativeTarget "MTG-CardOfTheDay" */ = {
			isa = XCConfigurationList;
			buildConfigurations = (
				F3CD51AF22DB1BF80097B4BB /* Debug */,
				F3CD51B022DB1BF80097B4BB /* Release */,
			);
			defaultConfigurationIsVisible = 0;
			defaultConfigurationName = Release;
		};
/* End XCConfigurationList section */
	};
	rootObject = F3CD519422DB1BF60097B4BB /* Project object */;
}
